Microsoft Visual Studio Solution File, Format Version 12.00
# Visual Studio Version 17
VisualStudioVersion = 17.5.2.0
MinimumVisualStudioVersion = 10.0.40219.1
Project("{FAE04EC0-301F-11D3-BF4B-00C04F79EFBC}") = "Nube", "Nube.csproj", "{CBDD0AE0-B217-BAC4-C979-344717A3D790}"
EndProject
Global
	GlobalSection(SolutionConfigurationPlatforms) = preSolution
		Debug|Any CPU = Debug|Any CPU
		Release|Any CPU = Release|Any CPU
	EndGlobalSection
	GlobalSection(ProjectConfigurationPlatforms) = postSolution
		{CBDD0AE0-B217-BAC4-C979-344717A3D790}.Debug|Any CPU.ActiveCfg = Debug|Any CPU
		{CBDD0AE0-B217-BAC4-C979-344717A3D790}.Debug|Any CPU.Build.0 = Debug|Any CPU
		{CBDD0AE0-B217-BAC4-C979-344717A3D790}.Release|Any CPU.ActiveCfg = Release|Any CPU
		{CBDD0AE0-B217-BAC4-C979-344717A3D790}.Release|Any CPU.Build.0 = Release|Any CPU
	EndGlobalSection
	GlobalSection(SolutionProperties) = preSolution
		HideSolutionNode = FALSE
	EndGlobalSection
	GlobalSection(ExtensibilityGlobals) = postSolution
		SolutionGuid = {2EC1C517-48FD-4B14-BA89-D176DBD095B2}
	EndGlobalSection
EndGlobal
